// !$*UTF8*$!
{
	archiveVersion = 1;
	classes = {
	};
	objectVersion = 56;
	objects = {

/* Begin PBXBuildFile section */
		797485B62B93E47F0060943E /* AppDelegate.swift in Sources */ = {isa = PBXBuildFile; fileRef = 797485B52B93E47F0060943E /* AppDelegate.swift */; };
		797485B82B93E47F0060943E /* SceneDelegate.swift in Sources */ = {isa = PBXBuildFile; fileRef = 797485B72B93E47F0060943E /* SceneDelegate.swift */; };
		797485BF2B93E4800060943E /* Assets.xcassets in Resources */ = {isa = PBXBuildFile; fileRef = 797485BE2B93E4800060943E /* Assets.xcassets */; };
		797485C22B93E4800060943E /* LaunchScreen.storyboard in Resources */ = {isa = PBXBuildFile; fileRef = 797485C02B93E4800060943E /* LaunchScreen.storyboard */; };
		797485CD2B93E4810060943E /* GHFollowers_UIKitTests.swift in Sources */ = {isa = PBXBuildFile; fileRef = 797485CC2B93E4810060943E /* GHFollowers_UIKitTests.swift */; };
		797485D72B93E4810060943E /* GHFollowers_UIKitUITests.swift in Sources */ = {isa = PBXBuildFile; fileRef = 797485D62B93E4810060943E /* GHFollowers_UIKitUITests.swift */; };
		797485D92B93E4810060943E /* GHFollowers_UIKitUITestsLaunchTests.swift in Sources */ = {isa = PBXBuildFile; fileRef = 797485D82B93E4810060943E /* GHFollowers_UIKitUITestsLaunchTests.swift */; };
		797485E62B94B2B20060943E /* SearchViewController.swift in Sources */ = {isa = PBXBuildFile; fileRef = 797485E52B94B2B20060943E /* SearchViewController.swift */; };
		797485E72B94B2B20060943E /* SearchViewController.swift in Sources */ = {isa = PBXBuildFile; fileRef = 797485E52B94B2B20060943E /* SearchViewController.swift */; };
		797485E82B94B2B20060943E /* SearchViewController.swift in Sources */ = {isa = PBXBuildFile; fileRef = 797485E52B94B2B20060943E /* SearchViewController.swift */; };
		797485EA2B94B2DE0060943E /* FavoritesListViewController.swift in Sources */ = {isa = PBXBuildFile; fileRef = 797485E92B94B2DE0060943E /* FavoritesListViewController.swift */; };
		797485EB2B94B2DE0060943E /* FavoritesListViewController.swift in Sources */ = {isa = PBXBuildFile; fileRef = 797485E92B94B2DE0060943E /* FavoritesListViewController.swift */; };
		797485EC2B94B2DE0060943E /* FavoritesListViewController.swift in Sources */ = {isa = PBXBuildFile; fileRef = 797485E92B94B2DE0060943E /* FavoritesListViewController.swift */; };
		797485EE2B94D37B0060943E /* GFButton.swift in Sources */ = {isa = PBXBuildFile; fileRef = 797485ED2B94D37B0060943E /* GFButton.swift */; };
		797485EF2B94D37B0060943E /* GFButton.swift in Sources */ = {isa = PBXBuildFile; fileRef = 797485ED2B94D37B0060943E /* GFButton.swift */; };
		797485F02B94D37B0060943E /* GFButton.swift in Sources */ = {isa = PBXBuildFile; fileRef = 797485ED2B94D37B0060943E /* GFButton.swift */; };
		797485F22B94D6760060943E /* GFTextField.swift in Sources */ = {isa = PBXBuildFile; fileRef = 797485F12B94D6760060943E /* GFTextField.swift */; };
		797485F32B94D6760060943E /* GFTextField.swift in Sources */ = {isa = PBXBuildFile; fileRef = 797485F12B94D6760060943E /* GFTextField.swift */; };
		797485F42B94D6760060943E /* GFTextField.swift in Sources */ = {isa = PBXBuildFile; fileRef = 797485F12B94D6760060943E /* GFTextField.swift */; };
		797485F82B94FD260060943E /* FollowerListViewController.swift in Sources */ = {isa = PBXBuildFile; fileRef = 797485F72B94FD260060943E /* FollowerListViewController.swift */; };
		797485F92B94FD260060943E /* FollowerListViewController.swift in Sources */ = {isa = PBXBuildFile; fileRef = 797485F72B94FD260060943E /* FollowerListViewController.swift */; };
		797485FA2B94FD260060943E /* FollowerListViewController.swift in Sources */ = {isa = PBXBuildFile; fileRef = 797485F72B94FD260060943E /* FollowerListViewController.swift */; };
		797485FD2B9500470060943E /* TextValidation.swift in Sources */ = {isa = PBXBuildFile; fileRef = 797485FC2B9500470060943E /* TextValidation.swift */; };
		797485FE2B9500470060943E /* TextValidation.swift in Sources */ = {isa = PBXBuildFile; fileRef = 797485FC2B9500470060943E /* TextValidation.swift */; };
		797485FF2B9500470060943E /* TextValidation.swift in Sources */ = {isa = PBXBuildFile; fileRef = 797485FC2B9500470060943E /* TextValidation.swift */; };
		797486012B95039C0060943E /* GFTitleLabel.swift in Sources */ = {isa = PBXBuildFile; fileRef = 797486002B95039C0060943E /* GFTitleLabel.swift */; };
		797486022B95039C0060943E /* GFTitleLabel.swift in Sources */ = {isa = PBXBuildFile; fileRef = 797486002B95039C0060943E /* GFTitleLabel.swift */; };
		797486032B95039C0060943E /* GFTitleLabel.swift in Sources */ = {isa = PBXBuildFile; fileRef = 797486002B95039C0060943E /* GFTitleLabel.swift */; };
		797486052B95054E0060943E /* GFBodyLabel.swift in Sources */ = {isa = PBXBuildFile; fileRef = 797486042B95054E0060943E /* GFBodyLabel.swift */; };
		797486062B95054E0060943E /* GFBodyLabel.swift in Sources */ = {isa = PBXBuildFile; fileRef = 797486042B95054E0060943E /* GFBodyLabel.swift */; };
		797486072B95054E0060943E /* GFBodyLabel.swift in Sources */ = {isa = PBXBuildFile; fileRef = 797486042B95054E0060943E /* GFBodyLabel.swift */; };
		797486092B9506A30060943E /* GFAlertViewController.swift in Sources */ = {isa = PBXBuildFile; fileRef = 797486082B9506A30060943E /* GFAlertViewController.swift */; };
		7974860A2B9506A30060943E /* GFAlertViewController.swift in Sources */ = {isa = PBXBuildFile; fileRef = 797486082B9506A30060943E /* GFAlertViewController.swift */; };
		7974860B2B9506A30060943E /* GFAlertViewController.swift in Sources */ = {isa = PBXBuildFile; fileRef = 797486082B9506A30060943E /* GFAlertViewController.swift */; };
		7974860D2B950BFE0060943E /* UIViewController+Ext.swift in Sources */ = {isa = PBXBuildFile; fileRef = 7974860C2B950BFE0060943E /* UIViewController+Ext.swift */; };
		7974860E2B950BFE0060943E /* UIViewController+Ext.swift in Sources */ = {isa = PBXBuildFile; fileRef = 7974860C2B950BFE0060943E /* UIViewController+Ext.swift */; };
		7974860F2B950BFE0060943E /* UIViewController+Ext.swift in Sources */ = {isa = PBXBuildFile; fileRef = 7974860C2B950BFE0060943E /* UIViewController+Ext.swift */; };
		797486162B9514C90060943E /* Follower.swift in Sources */ = {isa = PBXBuildFile; fileRef = 797486152B9514C90060943E /* Follower.swift */; };
		797486172B9514C90060943E /* Follower.swift in Sources */ = {isa = PBXBuildFile; fileRef = 797486152B9514C90060943E /* Follower.swift */; };
		797486182B9514C90060943E /* Follower.swift in Sources */ = {isa = PBXBuildFile; fileRef = 797486152B9514C90060943E /* Follower.swift */; };
		7974861A2B95158D0060943E /* User.swift in Sources */ = {isa = PBXBuildFile; fileRef = 797486192B95158D0060943E /* User.swift */; };
		7974861B2B95158D0060943E /* User.swift in Sources */ = {isa = PBXBuildFile; fileRef = 797486192B95158D0060943E /* User.swift */; };
		7974861C2B95158D0060943E /* User.swift in Sources */ = {isa = PBXBuildFile; fileRef = 797486192B95158D0060943E /* User.swift */; };
		7974861E2B95191D0060943E /* NetworkManager.swift in Sources */ = {isa = PBXBuildFile; fileRef = 7974861D2B95191D0060943E /* NetworkManager.swift */; };
		7974861F2B95191D0060943E /* NetworkManager.swift in Sources */ = {isa = PBXBuildFile; fileRef = 7974861D2B95191D0060943E /* NetworkManager.swift */; };
		797486202B95191D0060943E /* NetworkManager.swift in Sources */ = {isa = PBXBuildFile; fileRef = 7974861D2B95191D0060943E /* NetworkManager.swift */; };
		797486222B95251C0060943E /* GHError.swift in Sources */ = {isa = PBXBuildFile; fileRef = 797486212B95251C0060943E /* GHError.swift */; };
		797486232B95251C0060943E /* GHError.swift in Sources */ = {isa = PBXBuildFile; fileRef = 797486212B95251C0060943E /* GHError.swift */; };
		797486242B95251C0060943E /* GHError.swift in Sources */ = {isa = PBXBuildFile; fileRef = 797486212B95251C0060943E /* GHError.swift */; };
		797486262B954C1F0060943E /* FollowerCollectionViewCell.swift in Sources */ = {isa = PBXBuildFile; fileRef = 797486252B954C1F0060943E /* FollowerCollectionViewCell.swift */; };
		797486272B954C1F0060943E /* FollowerCollectionViewCell.swift in Sources */ = {isa = PBXBuildFile; fileRef = 797486252B954C1F0060943E /* FollowerCollectionViewCell.swift */; };
		797486282B954C1F0060943E /* FollowerCollectionViewCell.swift in Sources */ = {isa = PBXBuildFile; fileRef = 797486252B954C1F0060943E /* FollowerCollectionViewCell.swift */; };
		7974862A2B954C9F0060943E /* GHAvatarImageView.swift in Sources */ = {isa = PBXBuildFile; fileRef = 797486292B954C9F0060943E /* GHAvatarImageView.swift */; };
		7974862B2B954C9F0060943E /* GHAvatarImageView.swift in Sources */ = {isa = PBXBuildFile; fileRef = 797486292B954C9F0060943E /* GHAvatarImageView.swift */; };
		7974862C2B954C9F0060943E /* GHAvatarImageView.swift in Sources */ = {isa = PBXBuildFile; fileRef = 797486292B954C9F0060943E /* GHAvatarImageView.swift */; };
		7991C2BB2B977DD2009381D7 /* UIHelpers.swift in Sources */ = {isa = PBXBuildFile; fileRef = 7991C2BA2B977DD2009381D7 /* UIHelpers.swift */; };
		7991C2BC2B977DD2009381D7 /* UIHelpers.swift in Sources */ = {isa = PBXBuildFile; fileRef = 7991C2BA2B977DD2009381D7 /* UIHelpers.swift */; };
		7991C2BD2B977DD2009381D7 /* UIHelpers.swift in Sources */ = {isa = PBXBuildFile; fileRef = 7991C2BA2B977DD2009381D7 /* UIHelpers.swift */; };
/* End PBXBuildFile section */

/* Begin PBXContainerItemProxy section */
		797485C92B93E4810060943E /* PBXContainerItemProxy */ = {
			isa = PBXContainerItemProxy;
			containerPortal = 797485AA2B93E47F0060943E /* Project object */;
			proxyType = 1;
			remoteGlobalIDString = 797485B12B93E47F0060943E;
			remoteInfo = GHFollowers_UIKit;
		};
		797485D32B93E4810060943E /* PBXContainerItemProxy */ = {
			isa = PBXContainerItemProxy;
			containerPortal = 797485AA2B93E47F0060943E /* Project object */;
			proxyType = 1;
			remoteGlobalIDString = 797485B12B93E47F0060943E;
			remoteInfo = GHFollowers_UIKit;
		};
/* End PBXContainerItemProxy section */

/* Begin PBXFileReference section */
		797485B22B93E47F0060943E /* GHFollowers_UIKit.app */ = {isa = PBXFileReference; explicitFileType = wrapper.application; includeInIndex = 0; path = GHFollowers_UIKit.app; sourceTree = BUILT_PRODUCTS_DIR; };
		797485B52B93E47F0060943E /* AppDelegate.swift */ = {isa = PBXFileReference; lastKnownFileType = sourcecode.swift; path = AppDelegate.swift; sourceTree = "<group>"; };
		797485B72B93E47F0060943E /* SceneDelegate.swift */ = {isa = PBXFileReference; lastKnownFileType = sourcecode.swift; path = SceneDelegate.swift; sourceTree = "<group>"; };
		797485BE2B93E4800060943E /* Assets.xcassets */ = {isa = PBXFileReference; lastKnownFileType = folder.assetcatalog; path = Assets.xcassets; sourceTree = "<group>"; };
		797485C12B93E4800060943E /* Base */ = {isa = PBXFileReference; lastKnownFileType = file.storyboard; name = Base; path = Base.lproj/LaunchScreen.storyboard; sourceTree = "<group>"; };
		797485C32B93E4800060943E /* Info.plist */ = {isa = PBXFileReference; lastKnownFileType = text.plist.xml; path = Info.plist; sourceTree = "<group>"; };
		797485C82B93E4810060943E /* GHFollowers_UIKitTests.xctest */ = {isa = PBXFileReference; explicitFileType = wrapper.cfbundle; includeInIndex = 0; path = GHFollowers_UIKitTests.xctest; sourceTree = BUILT_PRODUCTS_DIR; };
		797485CC2B93E4810060943E /* GHFollowers_UIKitTests.swift */ = {isa = PBXFileReference; lastKnownFileType = sourcecode.swift; path = GHFollowers_UIKitTests.swift; sourceTree = "<group>"; };
		797485D22B93E4810060943E /* GHFollowers_UIKitUITests.xctest */ = {isa = PBXFileReference; explicitFileType = wrapper.cfbundle; includeInIndex = 0; path = GHFollowers_UIKitUITests.xctest; sourceTree = BUILT_PRODUCTS_DIR; };
		797485D62B93E4810060943E /* GHFollowers_UIKitUITests.swift */ = {isa = PBXFileReference; lastKnownFileType = sourcecode.swift; path = GHFollowers_UIKitUITests.swift; sourceTree = "<group>"; };
		797485D82B93E4810060943E /* GHFollowers_UIKitUITestsLaunchTests.swift */ = {isa = PBXFileReference; lastKnownFileType = sourcecode.swift; path = GHFollowers_UIKitUITestsLaunchTests.swift; sourceTree = "<group>"; };
		797485E52B94B2B20060943E /* SearchViewController.swift */ = {isa = PBXFileReference; lastKnownFileType = sourcecode.swift; path = SearchViewController.swift; sourceTree = "<group>"; };
		797485E92B94B2DE0060943E /* FavoritesListViewController.swift */ = {isa = PBXFileReference; lastKnownFileType = sourcecode.swift; path = FavoritesListViewController.swift; sourceTree = "<group>"; };
		797485ED2B94D37B0060943E /* GFButton.swift */ = {isa = PBXFileReference; lastKnownFileType = sourcecode.swift; path = GFButton.swift; sourceTree = "<group>"; };
		797485F12B94D6760060943E /* GFTextField.swift */ = {isa = PBXFileReference; lastKnownFileType = sourcecode.swift; path = GFTextField.swift; sourceTree = "<group>"; };
		797485F72B94FD260060943E /* FollowerListViewController.swift */ = {isa = PBXFileReference; lastKnownFileType = sourcecode.swift; path = FollowerListViewController.swift; sourceTree = "<group>"; };
		797485FC2B9500470060943E /* TextValidation.swift */ = {isa = PBXFileReference; lastKnownFileType = sourcecode.swift; path = TextValidation.swift; sourceTree = "<group>"; };
		797486002B95039C0060943E /* GFTitleLabel.swift */ = {isa = PBXFileReference; lastKnownFileType = sourcecode.swift; path = GFTitleLabel.swift; sourceTree = "<group>"; };
		797486042B95054E0060943E /* GFBodyLabel.swift */ = {isa = PBXFileReference; lastKnownFileType = sourcecode.swift; path = GFBodyLabel.swift; sourceTree = "<group>"; };
		797486082B9506A30060943E /* GFAlertViewController.swift */ = {isa = PBXFileReference; lastKnownFileType = sourcecode.swift; path = GFAlertViewController.swift; sourceTree = "<group>"; };
		7974860C2B950BFE0060943E /* UIViewController+Ext.swift */ = {isa = PBXFileReference; lastKnownFileType = sourcecode.swift; path = "UIViewController+Ext.swift"; sourceTree = "<group>"; };
		797486152B9514C90060943E /* Follower.swift */ = {isa = PBXFileReference; lastKnownFileType = sourcecode.swift; path = Follower.swift; sourceTree = "<group>"; };
		797486192B95158D0060943E /* User.swift */ = {isa = PBXFileReference; lastKnownFileType = sourcecode.swift; path = User.swift; sourceTree = "<group>"; };
		7974861D2B95191D0060943E /* NetworkManager.swift */ = {isa = PBXFileReference; lastKnownFileType = sourcecode.swift; path = NetworkManager.swift; sourceTree = "<group>"; };
		797486212B95251C0060943E /* GHError.swift */ = {isa = PBXFileReference; lastKnownFileType = sourcecode.swift; path = GHError.swift; sourceTree = "<group>"; };
		797486252B954C1F0060943E /* FollowerCollectionViewCell.swift */ = {isa = PBXFileReference; lastKnownFileType = sourcecode.swift; path = FollowerCollectionViewCell.swift; sourceTree = "<group>"; };
		797486292B954C9F0060943E /* GHAvatarImageView.swift */ = {isa = PBXFileReference; lastKnownFileType = sourcecode.swift; path = GHAvatarImageView.swift; sourceTree = "<group>"; };
		7991C2BA2B977DD2009381D7 /* UIHelpers.swift */ = {isa = PBXFileReference; lastKnownFileType = sourcecode.swift; path = UIHelpers.swift; sourceTree = "<group>"; };
/* End PBXFileReference section */

/* Begin PBXFrameworksBuildPhase section */
		797485AF2B93E47F0060943E /* Frameworks */ = {
			isa = PBXFrameworksBuildPhase;
			buildActionMask = 2147483647;
			files = (
			);
			runOnlyForDeploymentPostprocessing = 0;
		};
		797485C52B93E4810060943E /* Frameworks */ = {
			isa = PBXFrameworksBuildPhase;
			buildActionMask = 2147483647;
			files = (
			);
			runOnlyForDeploymentPostprocessing = 0;
		};
		797485CF2B93E4810060943E /* Frameworks */ = {
			isa = PBXFrameworksBuildPhase;
			buildActionMask = 2147483647;
			files = (
			);
			runOnlyForDeploymentPostprocessing = 0;
		};
/* End PBXFrameworksBuildPhase section */

/* Begin PBXGroup section */
		797485A92B93E47F0060943E = {
			isa = PBXGroup;
			children = (
				797485B42B93E47F0060943E /* GHFollowers_UIKit */,
				797485CB2B93E4810060943E /* GHFollowers_UIKitTests */,
				797485D52B93E4810060943E /* GHFollowers_UIKitUITests */,
				797485B32B93E47F0060943E /* Products */,
			);
			sourceTree = "<group>";
		};
		797485B32B93E47F0060943E /* Products */ = {
			isa = PBXGroup;
			children = (
				797485B22B93E47F0060943E /* GHFollowers_UIKit.app */,
				797485C82B93E4810060943E /* GHFollowers_UIKitTests.xctest */,
				797485D22B93E4810060943E /* GHFollowers_UIKitUITests.xctest */,
			);
			name = Products;
			sourceTree = "<group>";
		};
		797485B42B93E47F0060943E /* GHFollowers_UIKit */ = {
			isa = PBXGroup;
			children = (
				797485C32B93E4800060943E /* Info.plist */,
				797486112B950F400060943E /* App */,
				797485F62B94D7BF0060943E /* Models */,
				797485F52B94D7AC0060943E /* Views */,
				797486102B950E530060943E /* View Controllers */,
				797485FB2B9500350060943E /* Utilities */,
				797486122B950F580060943E /* Resources */,
			);
			path = GHFollowers_UIKit;
			sourceTree = "<group>";
		};
		797485CB2B93E4810060943E /* GHFollowers_UIKitTests */ = {
			isa = PBXGroup;
			children = (
				797485CC2B93E4810060943E /* GHFollowers_UIKitTests.swift */,
			);
			path = GHFollowers_UIKitTests;
			sourceTree = "<group>";
		};
		797485D52B93E4810060943E /* GHFollowers_UIKitUITests */ = {
			isa = PBXGroup;
			children = (
				797485D62B93E4810060943E /* GHFollowers_UIKitUITests.swift */,
				797485D82B93E4810060943E /* GHFollowers_UIKitUITestsLaunchTests.swift */,
			);
			path = GHFollowers_UIKitUITests;
			sourceTree = "<group>";
		};
		797485F52B94D7AC0060943E /* Views */ = {
			isa = PBXGroup;
			children = (
				797485ED2B94D37B0060943E /* GFButton.swift */,
				797485F12B94D6760060943E /* GFTextField.swift */,
				797486002B95039C0060943E /* GFTitleLabel.swift */,
				797486042B95054E0060943E /* GFBodyLabel.swift */,
				797486252B954C1F0060943E /* FollowerCollectionViewCell.swift */,
				797486292B954C9F0060943E /* GHAvatarImageView.swift */,
			);
			path = Views;
			sourceTree = "<group>";
		};
		797485F62B94D7BF0060943E /* Models */ = {
			isa = PBXGroup;
			children = (
				797486152B9514C90060943E /* Follower.swift */,
				797486192B95158D0060943E /* User.swift */,
			);
			path = Models;
			sourceTree = "<group>";
		};
		797485FB2B9500350060943E /* Utilities */ = {
			isa = PBXGroup;
			children = (
				797485FC2B9500470060943E /* TextValidation.swift */,
				7974860C2B950BFE0060943E /* UIViewController+Ext.swift */,
				7974861D2B95191D0060943E /* NetworkManager.swift */,
				797486212B95251C0060943E /* GHError.swift */,
				7991C2BA2B977DD2009381D7 /* UIHelpers.swift */,
			);
			path = Utilities;
			sourceTree = "<group>";
		};
		797486102B950E530060943E /* View Controllers */ = {
			isa = PBXGroup;
			children = (
				797485E52B94B2B20060943E /* SearchViewController.swift */,
				797485E92B94B2DE0060943E /* FavoritesListViewController.swift */,
				797485F72B94FD260060943E /* FollowerListViewController.swift */,
				797486082B9506A30060943E /* GFAlertViewController.swift */,
			);
			path = "View Controllers";
			sourceTree = "<group>";
		};
		797486112B950F400060943E /* App */ = {
			isa = PBXGroup;
			children = (
				797485B52B93E47F0060943E /* AppDelegate.swift */,
				797485B72B93E47F0060943E /* SceneDelegate.swift */,
			);
			path = App;
			sourceTree = "<group>";
		};
		797486122B950F580060943E /* Resources */ = {
			isa = PBXGroup;
			children = (
				797485BE2B93E4800060943E /* Assets.xcassets */,
				797485C02B93E4800060943E /* LaunchScreen.storyboard */,
			);
			path = Resources;
			sourceTree = "<group>";
		};
/* End PBXGroup section */

/* Begin PBXNativeTarget section */
		797485B12B93E47F0060943E /* GHFollowers_UIKit */ = {
			isa = PBXNativeTarget;
			buildConfigurationList = 797485DC2B93E4810060943E /* Build configuration list for PBXNativeTarget "GHFollowers_UIKit" */;
			buildPhases = (
				797485AE2B93E47F0060943E /* Sources */,
				797485AF2B93E47F0060943E /* Frameworks */,
				797485B02B93E47F0060943E /* Resources */,
			);
			buildRules = (
			);
			dependencies = (
			);
			name = GHFollowers_UIKit;
			productName = GHFollowers_UIKit;
			productReference = 797485B22B93E47F0060943E /* GHFollowers_UIKit.app */;
			productType = "com.apple.product-type.application";
		};
		797485C72B93E4810060943E /* GHFollowers_UIKitTests */ = {
			isa = PBXNativeTarget;
			buildConfigurationList = 797485DF2B93E4810060943E /* Build configuration list for PBXNativeTarget "GHFollowers_UIKitTests" */;
			buildPhases = (
				797485C42B93E4810060943E /* Sources */,
				797485C52B93E4810060943E /* Frameworks */,
				797485C62B93E4810060943E /* Resources */,
			);
			buildRules = (
			);
			dependencies = (
				797485CA2B93E4810060943E /* PBXTargetDependency */,
			);
			name = GHFollowers_UIKitTests;
			productName = GHFollowers_UIKitTests;
			productReference = 797485C82B93E4810060943E /* GHFollowers_UIKitTests.xctest */;
			productType = "com.apple.product-type.bundle.unit-test";
		};
		797485D12B93E4810060943E /* GHFollowers_UIKitUITests */ = {
			isa = PBXNativeTarget;
			buildConfigurationList = 797485E22B93E4810060943E /* Build configuration list for PBXNativeTarget "GHFollowers_UIKitUITests" */;
			buildPhases = (
				797485CE2B93E4810060943E /* Sources */,
				797485CF2B93E4810060943E /* Frameworks */,
				797485D02B93E4810060943E /* Resources */,
			);
			buildRules = (
			);
			dependencies = (
				797485D42B93E4810060943E /* PBXTargetDependency */,
			);
			name = GHFollowers_UIKitUITests;
			productName = GHFollowers_UIKitUITests;
			productReference = 797485D22B93E4810060943E /* GHFollowers_UIKitUITests.xctest */;
			productType = "com.apple.product-type.bundle.ui-testing";
		};
/* End PBXNativeTarget section */

/* Begin PBXProject section */
		797485AA2B93E47F0060943E /* Project object */ = {
			isa = PBXProject;
			attributes = {
				BuildIndependentTargetsInParallel = 1;
				LastSwiftUpdateCheck = 1520;
				LastUpgradeCheck = 1520;
				TargetAttributes = {
					797485B12B93E47F0060943E = {
						CreatedOnToolsVersion = 15.2;
					};
					797485C72B93E4810060943E = {
						CreatedOnToolsVersion = 15.2;
						TestTargetID = 797485B12B93E47F0060943E;
					};
					797485D12B93E4810060943E = {
						CreatedOnToolsVersion = 15.2;
						TestTargetID = 797485B12B93E47F0060943E;
					};
				};
			};
			buildConfigurationList = 797485AD2B93E47F0060943E /* Build configuration list for PBXProject "GHFollowers_UIKit" */;
			compatibilityVersion = "Xcode 14.0";
			developmentRegion = en;
			hasScannedForEncodings = 0;
			knownRegions = (
				en,
				Base,
			);
			mainGroup = 797485A92B93E47F0060943E;
			productRefGroup = 797485B32B93E47F0060943E /* Products */;
			projectDirPath = "";
			projectRoot = "";
			targets = (
				797485B12B93E47F0060943E /* GHFollowers_UIKit */,
				797485C72B93E4810060943E /* GHFollowers_UIKitTests */,
				797485D12B93E4810060943E /* GHFollowers_UIKitUITests */,
			);
		};
/* End PBXProject section */

/* Begin PBXResourcesBuildPhase section */
		797485B02B93E47F0060943E /* Resources */ = {
			isa = PBXResourcesBuildPhase;
			buildActionMask = 2147483647;
			files = (
				797485C22B93E4800060943E /* LaunchScreen.storyboard in Resources */,
				797485BF2B93E4800060943E /* Assets.xcassets in Resources */,
			);
			runOnlyForDeploymentPostprocessing = 0;
		};
		797485C62B93E4810060943E /* Resources */ = {
			isa = PBXResourcesBuildPhase;
			buildActionMask = 2147483647;
			files = (
			);
			runOnlyForDeploymentPostprocessing = 0;
		};
		797485D02B93E4810060943E /* Resources */ = {
			isa = PBXResourcesBuildPhase;
			buildActionMask = 2147483647;
			files = (
			);
			runOnlyForDeploymentPostprocessing = 0;
		};
/* End PBXResourcesBuildPhase section */

/* Begin PBXSourcesBuildPhase section */
		797485AE2B93E47F0060943E /* Sources */ = {
			isa = PBXSourcesBuildPhase;
			buildActionMask = 2147483647;
			files = (
				797485F22B94D6760060943E /* GFTextField.swift in Sources */,
				797485E62B94B2B20060943E /* SearchViewController.swift in Sources */,
				7974860D2B950BFE0060943E /* UIViewController+Ext.swift in Sources */,
				797485EE2B94D37B0060943E /* GFButton.swift in Sources */,
				797485F82B94FD260060943E /* FollowerListViewController.swift in Sources */,
				797486222B95251C0060943E /* GHError.swift in Sources */,
				7991C2BB2B977DD2009381D7 /* UIHelpers.swift in Sources */,
				797485B62B93E47F0060943E /* AppDelegate.swift in Sources */,
				7974861A2B95158D0060943E /* User.swift in Sources */,
				797486262B954C1F0060943E /* FollowerCollectionViewCell.swift in Sources */,
				797486092B9506A30060943E /* GFAlertViewController.swift in Sources */,
				7974862A2B954C9F0060943E /* GHAvatarImageView.swift in Sources */,
				797486162B9514C90060943E /* Follower.swift in Sources */,
				797485EA2B94B2DE0060943E /* FavoritesListViewController.swift in Sources */,
				797486012B95039C0060943E /* GFTitleLabel.swift in Sources */,
				797485B82B93E47F0060943E /* SceneDelegate.swift in Sources */,
				7974861E2B95191D0060943E /* NetworkManager.swift in Sources */,
				797485FD2B9500470060943E /* TextValidation.swift in Sources */,
				797486052B95054E0060943E /* GFBodyLabel.swift in Sources */,
			);
			runOnlyForDeploymentPostprocessing = 0;
		};
		797485C42B93E4810060943E /* Sources */ = {
			isa = PBXSourcesBuildPhase;
			buildActionMask = 2147483647;
			files = (
				7974861B2B95158D0060943E /* User.swift in Sources */,
				7974860A2B9506A30060943E /* GFAlertViewController.swift in Sources */,
				797485EB2B94B2DE0060943E /* FavoritesListViewController.swift in Sources */,
				7991C2BC2B977DD2009381D7 /* UIHelpers.swift in Sources */,
				797485E72B94B2B20060943E /* SearchViewController.swift in Sources */,
				7974860E2B950BFE0060943E /* UIViewController+Ext.swift in Sources */,
				797485F92B94FD260060943E /* FollowerListViewController.swift in Sources */,
				797485F32B94D6760060943E /* GFTextField.swift in Sources */,
				797486062B95054E0060943E /* GFBodyLabel.swift in Sources */,
				797486272B954C1F0060943E /* FollowerCollectionViewCell.swift in Sources */,
				797486172B9514C90060943E /* Follower.swift in Sources */,
				797486022B95039C0060943E /* GFTitleLabel.swift in Sources */,
				7974861F2B95191D0060943E /* NetworkManager.swift in Sources */,
				797485FE2B9500470060943E /* TextValidation.swift in Sources */,
				7974862B2B954C9F0060943E /* GHAvatarImageView.swift in Sources */,
				797486232B95251C0060943E /* GHError.swift in Sources */,
				797485EF2B94D37B0060943E /* GFButton.swift in Sources */,
				797485CD2B93E4810060943E /* GHFollowers_UIKitTests.swift in Sources */,
			);
			runOnlyForDeploymentPostprocessing = 0;
		};
		797485CE2B93E4810060943E /* Sources */ = {
			isa = PBXSourcesBuildPhase;
			buildActionMask = 2147483647;
			files = (
				797485F42B94D6760060943E /* GFTextField.swift in Sources */,
				797485E82B94B2B20060943E /* SearchViewController.swift in Sources */,
				7974860F2B950BFE0060943E /* UIViewController+Ext.swift in Sources */,
				797485F02B94D37B0060943E /* GFButton.swift in Sources */,
				797485FA2B94FD260060943E /* FollowerListViewController.swift in Sources */,
				797486242B95251C0060943E /* GHError.swift in Sources */,
				7991C2BD2B977DD2009381D7 /* UIHelpers.swift in Sources */,
				797485D92B93E4810060943E /* GHFollowers_UIKitUITestsLaunchTests.swift in Sources */,
				7974861C2B95158D0060943E /* User.swift in Sources */,
				797486282B954C1F0060943E /* FollowerCollectionViewCell.swift in Sources */,
				7974860B2B9506A30060943E /* GFAlertViewController.swift in Sources */,
				7974862C2B954C9F0060943E /* GHAvatarImageView.swift in Sources */,
				797486182B9514C90060943E /* Follower.swift in Sources */,
				797485EC2B94B2DE0060943E /* FavoritesListViewController.swift in Sources */,
				797486032B95039C0060943E /* GFTitleLabel.swift in Sources */,
				797485D72B93E4810060943E /* GHFollowers_UIKitUITests.swift in Sources */,
				797486202B95191D0060943E /* NetworkManager.swift in Sources */,
				797485FF2B9500470060943E /* TextValidation.swift in Sources */,
				797486072B95054E0060943E /* GFBodyLabel.swift in Sources */,
			);
			runOnlyForDeploymentPostprocessing = 0;
		};
/* End PBXSourcesBuildPhase section */

/* Begin PBXTargetDependency section */
		797485CA2B93E4810060943E /* PBXTargetDependency */ = {
			isa = PBXTargetDependency;
			target = 797485B12B93E47F0060943E /* GHFollowers_UIKit */;
			targetProxy = 797485C92B93E4810060943E /* PBXContainerItemProxy */;
		};
		797485D42B93E4810060943E /* PBXTargetDependency */ = {
			isa = PBXTargetDependency;
			target = 797485B12B93E47F0060943E /* GHFollowers_UIKit */;
			targetProxy = 797485D32B93E4810060943E /* PBXContainerItemProxy */;
		};
/* End PBXTargetDependency section */

/* Begin PBXVariantGroup section */
		797485C02B93E4800060943E /* LaunchScreen.storyboard */ = {
			isa = PBXVariantGroup;
			children = (
				797485C12B93E4800060943E /* Base */,
			);
			name = LaunchScreen.storyboard;
			sourceTree = "<group>";
		};
/* End PBXVariantGroup section */

/* Begin XCBuildConfiguration section */
		797485DA2B93E4810060943E /* Debug */ = {
			isa = XCBuildConfiguration;
			buildSettings = {
				ALWAYS_SEARCH_USER_PATHS = NO;
				ASSETCATALOG_COMPILER_GENERATE_SWIFT_ASSET_SYMBOL_EXTENSIONS = YES;
				CLANG_ANALYZER_NONNULL = YES;
				CLANG_ANALYZER_NUMBER_OBJECT_CONVERSION = YES_AGGRESSIVE;
				CLANG_CXX_LANGUAGE_STANDARD = "gnu++20";
				CLANG_ENABLE_MODULES = YES;
				CLANG_ENABLE_OBJC_ARC = YES;
				CLANG_ENABLE_OBJC_WEAK = YES;
				CLANG_WARN_BLOCK_CAPTURE_AUTORELEASING = YES;
				CLANG_WARN_BOOL_CONVERSION = YES;
				CLANG_WARN_COMMA = YES;
				CLANG_WARN_CONSTANT_CONVERSION = YES;
				CLANG_WARN_DEPRECATED_OBJC_IMPLEMENTATIONS = YES;
				CLANG_WARN_DIRECT_OBJC_ISA_USAGE = YES_ERROR;
				CLANG_WARN_DOCUMENTATION_COMMENTS = YES;
				CLANG_WARN_EMPTY_BODY = YES;
				CLANG_WARN_ENUM_CONVERSION = YES;
				CLANG_WARN_INFINITE_RECURSION = YES;
				CLANG_WARN_INT_CONVERSION = YES;
				CLANG_WARN_NON_LITERAL_NULL_CONVERSION = YES;
				CLANG_WARN_OBJC_IMPLICIT_RETAIN_SELF = YES;
				CLANG_WARN_OBJC_LITERAL_CONVERSION = YES;
				CLANG_WARN_OBJC_ROOT_CLASS = YES_ERROR;
				CLANG_WARN_QUOTED_INCLUDE_IN_FRAMEWORK_HEADER = YES;
				CLANG_WARN_RANGE_LOOP_ANALYSIS = YES;
				CLANG_WARN_STRICT_PROTOTYPES = YES;
				CLANG_WARN_SUSPICIOUS_MOVE = YES;
				CLANG_WARN_UNGUARDED_AVAILABILITY = YES_AGGRESSIVE;
				CLANG_WARN_UNREACHABLE_CODE = YES;
				CLANG_WARN__DUPLICATE_METHOD_MATCH = YES;
				COPY_PHASE_STRIP = NO;
				DEBUG_INFORMATION_FORMAT = dwarf;
				ENABLE_STRICT_OBJC_MSGSEND = YES;
				ENABLE_TESTABILITY = YES;
				ENABLE_USER_SCRIPT_SANDBOXING = YES;
				GCC_C_LANGUAGE_STANDARD = gnu17;
				GCC_DYNAMIC_NO_PIC = NO;
				GCC_NO_COMMON_BLOCKS = YES;
				GCC_OPTIMIZATION_LEVEL = 0;
				GCC_PREPROCESSOR_DEFINITIONS = (
					"DEBUG=1",
					"$(inherited)",
				);
				GCC_WARN_64_TO_32_BIT_CONVERSION = YES;
				GCC_WARN_ABOUT_RETURN_TYPE = YES_ERROR;
				GCC_WARN_UNDECLARED_SELECTOR = YES;
				GCC_WARN_UNINITIALIZED_AUTOS = YES_AGGRESSIVE;
				GCC_WARN_UNUSED_FUNCTION = YES;
				GCC_WARN_UNUSED_VARIABLE = YES;
				IPHONEOS_DEPLOYMENT_TARGET = 17.2;
				LOCALIZATION_PREFERS_STRING_CATALOGS = YES;
				MTL_ENABLE_DEBUG_INFO = INCLUDE_SOURCE;
				MTL_FAST_MATH = YES;
				ONLY_ACTIVE_ARCH = YES;
				SDKROOT = iphoneos;
				SWIFT_ACTIVE_COMPILATION_CONDITIONS = "DEBUG $(inherited)";
				SWIFT_OPTIMIZATION_LEVEL = "-Onone";
			};
			name = Debug;
		};
		797485DB2B93E4810060943E /* Release */ = {
			isa = XCBuildConfiguration;
			buildSettings = {
				ALWAYS_SEARCH_USER_PATHS = NO;
				ASSETCATALOG_COMPILER_GENERATE_SWIFT_ASSET_SYMBOL_EXTENSIONS = YES;
				CLANG_ANALYZER_NONNULL = YES;
				CLANG_ANALYZER_NUMBER_OBJECT_CONVERSION = YES_AGGRESSIVE;
				CLANG_CXX_LANGUAGE_STANDARD = "gnu++20";
				CLANG_ENABLE_MODULES = YES;
				CLANG_ENABLE_OBJC_ARC = YES;
				CLANG_ENABLE_OBJC_WEAK = YES;
				CLANG_WARN_BLOCK_CAPTURE_AUTORELEASING = YES;
				CLANG_WARN_BOOL_CONVERSION = YES;
				CLANG_WARN_COMMA = YES;
				CLANG_WARN_CONSTANT_CONVERSION = YES;
				CLANG_WARN_DEPRECATED_OBJC_IMPLEMENTATIONS = YES;
				CLANG_WARN_DIRECT_OBJC_ISA_USAGE = YES_ERROR;
				CLANG_WARN_DOCUMENTATION_COMMENTS = YES;
				CLANG_WARN_EMPTY_BODY = YES;
				CLANG_WARN_ENUM_CONVERSION = YES;
				CLANG_WARN_INFINITE_RECURSION = YES;
				CLANG_WARN_INT_CONVERSION = YES;
				CLANG_WARN_NON_LITERAL_NULL_CONVERSION = YES;
				CLANG_WARN_OBJC_IMPLICIT_RETAIN_SELF = YES;
				CLANG_WARN_OBJC_LITERAL_CONVERSION = YES;
				CLANG_WARN_OBJC_ROOT_CLASS = YES_ERROR;
				CLANG_WARN_QUOTED_INCLUDE_IN_FRAMEWORK_HEADER = YES;
				CLANG_WARN_RANGE_LOOP_ANALYSIS = YES;
				CLANG_WARN_STRICT_PROTOTYPES = YES;
				CLANG_WARN_SUSPICIOUS_MOVE = YES;
				CLANG_WARN_UNGUARDED_AVAILABILITY = YES_AGGRESSIVE;
				CLANG_WARN_UNREACHABLE_CODE = YES;
				CLANG_WARN__DUPLICATE_METHOD_MATCH = YES;
				COPY_PHASE_STRIP = NO;
				DEBUG_INFORMATION_FORMAT = "dwarf-with-dsym";
				ENABLE_NS_ASSERTIONS = NO;
				ENABLE_STRICT_OBJC_MSGSEND = YES;
				ENABLE_USER_SCRIPT_SANDBOXING = YES;
				GCC_C_LANGUAGE_STANDARD = gnu17;
				GCC_NO_COMMON_BLOCKS = YES;
				GCC_WARN_64_TO_32_BIT_CONVERSION = YES;
				GCC_WARN_ABOUT_RETURN_TYPE = YES_ERROR;
				GCC_WARN_UNDECLARED_SELECTOR = YES;
				GCC_WARN_UNINITIALIZED_AUTOS = YES_AGGRESSIVE;
				GCC_WARN_UNUSED_FUNCTION = YES;
				GCC_WARN_UNUSED_VARIABLE = YES;
				IPHONEOS_DEPLOYMENT_TARGET = 17.2;
				LOCALIZATION_PREFERS_STRING_CATALOGS = YES;
				MTL_ENABLE_DEBUG_INFO = NO;
				MTL_FAST_MATH = YES;
				SDKROOT = iphoneos;
				SWIFT_COMPILATION_MODE = wholemodule;
				VALIDATE_PRODUCT = YES;
			};
			name = Release;
		};
		797485DD2B93E4810060943E /* Debug */ = {
			isa = XCBuildConfiguration;
			buildSettings = {
				ASSETCATALOG_COMPILER_APPICON_NAME = AppIcon;
				ASSETCATALOG_COMPILER_GLOBAL_ACCENT_COLOR_NAME = AccentColor;
				CODE_SIGN_STYLE = Automatic;
				CURRENT_PROJECT_VERSION = 1;
				DEVELOPMENT_TEAM = PYKYNRN8Z8;
				GENERATE_INFOPLIST_FILE = YES;
				INFOPLIST_FILE = GHFollowers_UIKit/Info.plist;
				INFOPLIST_KEY_UIApplicationSupportsIndirectInputEvents = YES;
				INFOPLIST_KEY_UILaunchStoryboardName = LaunchScreen;
				INFOPLIST_KEY_UISupportedInterfaceOrientations = UIInterfaceOrientationPortrait;
				LD_RUNPATH_SEARCH_PATHS = (
					"$(inherited)",
					"@executable_path/Frameworks",
				);
				MARKETING_VERSION = 1.0;
				PRODUCT_BUNDLE_IDENTIFIER = "com.enegron.GHFollowers-UIKit";
				PRODUCT_NAME = "$(TARGET_NAME)";
				SUPPORTED_PLATFORMS = "iphoneos iphonesimulator";
				SUPPORTS_MACCATALYST = NO;
				SUPPORTS_MAC_DESIGNED_FOR_IPHONE_IPAD = NO;
				SUPPORTS_XR_DESIGNED_FOR_IPHONE_IPAD = NO;
				SWIFT_EMIT_LOC_STRINGS = YES;
				SWIFT_VERSION = 5.0;
				TARGETED_DEVICE_FAMILY = 1;
			};
			name = Debug;
		};
		797485DE2B93E4810060943E /* Release */ = {
			isa = XCBuildConfiguration;
			buildSettings = {
				ASSETCATALOG_COMPILER_APPICON_NAME = AppIcon;
				ASSETCATALOG_COMPILER_GLOBAL_ACCENT_COLOR_NAME = AccentColor;
				CODE_SIGN_STYLE = Automatic;
				CURRENT_PROJECT_VERSION = 1;
				DEVELOPMENT_TEAM = PYKYNRN8Z8;
				GENERATE_INFOPLIST_FILE = YES;
				INFOPLIST_FILE = GHFollowers_UIKit/Info.plist;
				INFOPLIST_KEY_UIApplicationSupportsIndirectInputEvents = YES;
				INFOPLIST_KEY_UILaunchStoryboardName = LaunchScreen;
				INFOPLIST_KEY_UISupportedInterfaceOrientations = UIInterfaceOrientationPortrait;
				LD_RUNPATH_SEARCH_PATHS = (
					"$(inherited)",
					"@executable_path/Frameworks",
				);
				MARKETING_VERSION = 1.0;
				PRODUCT_BUNDLE_IDENTIFIER = "com.enegron.GHFollowers-UIKit";
				PRODUCT_NAME = "$(TARGET_NAME)";
				SUPPORTED_PLATFORMS = "iphoneos iphonesimulator";
				SUPPORTS_MACCATALYST = NO;
				SUPPORTS_MAC_DESIGNED_FOR_IPHONE_IPAD = NO;
				SUPPORTS_XR_DESIGNED_FOR_IPHONE_IPAD = NO;
				SWIFT_EMIT_LOC_STRINGS = YES;
				SWIFT_VERSION = 5.0;
				TARGETED_DEVICE_FAMILY = 1;
			};
			name = Release;
		};
		797485E02B93E4810060943E /* Debug */ = {
			isa = XCBuildConfiguration;
			buildSettings = {
				ALWAYS_EMBED_SWIFT_STANDARD_LIBRARIES = YES;
				BUNDLE_LOADER = "$(TEST_HOST)";
				CODE_SIGN_STYLE = Automatic;
				CURRENT_PROJECT_VERSION = 1;
				DEVELOPMENT_TEAM = PYKYNRN8Z8;
				GENERATE_INFOPLIST_FILE = YES;
				IPHONEOS_DEPLOYMENT_TARGET = 17.2;
				MARKETING_VERSION = 1.0;
				PRODUCT_BUNDLE_IDENTIFIER = "com.enegron.GHFollowers-UIKitTests";
				PRODUCT_NAME = "$(TARGET_NAME)";
				SWIFT_EMIT_LOC_STRINGS = NO;
				SWIFT_VERSION = 5.0;
				TARGETED_DEVICE_FAMILY = "1,2";
				TEST_HOST = "$(BUILT_PRODUCTS_DIR)/GHFollowers_UIKit.app/$(BUNDLE_EXECUTABLE_FOLDER_PATH)/GHFollowers_UIKit";
			};
			name = Debug;
		};
		797485E12B93E4810060943E /* Release */ = {
			isa = XCBuildConfiguration;
			buildSettings = {
				ALWAYS_EMBED_SWIFT_STANDARD_LIBRARIES = YES;
				BUNDLE_LOADER = "$(TEST_HOST)";
				CODE_SIGN_STYLE = Automatic;
				CURRENT_PROJECT_VERSION = 1;
				DEVELOPMENT_TEAM = PYKYNRN8Z8;
				GENERATE_INFOPLIST_FILE = YES;
				IPHONEOS_DEPLOYMENT_TARGET = 17.2;
				MARKETING_VERSION = 1.0;
				PRODUCT_BUNDLE_IDENTIFIER = "com.enegron.GHFollowers-UIKitTests";
				PRODUCT_NAME = "$(TARGET_NAME)";
				SWIFT_EMIT_LOC_STRINGS = NO;
				SWIFT_VERSION = 5.0;
				TARGETED_DEVICE_FAMILY = "1,2";
				TEST_HOST = "$(BUILT_PRODUCTS_DIR)/GHFollowers_UIKit.app/$(BUNDLE_EXECUTABLE_FOLDER_PATH)/GHFollowers_UIKit";
			};
			name = Release;
		};
		797485E32B93E4810060943E /* Debug */ = {
			isa = XCBuildConfiguration;
			buildSettings = {
				ALWAYS_EMBED_SWIFT_STANDARD_LIBRARIES = YES;
				CODE_SIGN_STYLE = Automatic;
				CURRENT_PROJECT_VERSION = 1;
				DEVELOPMENT_TEAM = PYKYNRN8Z8;
				GENERATE_INFOPLIST_FILE = YES;
				MARKETING_VERSION = 1.0;
				PRODUCT_BUNDLE_IDENTIFIER = "com.enegron.GHFollowers-UIKitUITests";
				PRODUCT_NAME = "$(TARGET_NAME)";
				SWIFT_EMIT_LOC_STRINGS = NO;
				SWIFT_VERSION = 5.0;
				TARGETED_DEVICE_FAMILY = "1,2";
				TEST_TARGET_NAME = GHFollowers_UIKit;
			};
			name = Debug;
		};
		797485E42B93E4810060943E /* Release */ = {
			isa = XCBuildConfiguration;
			buildSettings = {
				ALWAYS_EMBED_SWIFT_STANDARD_LIBRARIES = YES;
				CODE_SIGN_STYLE = Automatic;
				CURRENT_PROJECT_VERSION = 1;
				DEVELOPMENT_TEAM = PYKYNRN8Z8;
				GENERATE_INFOPLIST_FILE = YES;
				MARKETING_VERSION = 1.0;
				PRODUCT_BUNDLE_IDENTIFIER = "com.enegron.GHFollowers-UIKitUITests";
				PRODUCT_NAME = "$(TARGET_NAME)";
				SWIFT_EMIT_LOC_STRINGS = NO;
				SWIFT_VERSION = 5.0;
				TARGETED_DEVICE_FAMILY = "1,2";
				TEST_TARGET_NAME = GHFollowers_UIKit;
			};
			name = Release;
		};
/* End XCBuildConfiguration section */

/* Begin XCConfigurationList section */
		797485AD2B93E47F0060943E /* Build configuration list for PBXProject "GHFollowers_UIKit" */ = {
			isa = XCConfigurationList;
			buildConfigurations = (
				797485DA2B93E4810060943E /* Debug */,
				797485DB2B93E4810060943E /* Release */,
			);
			defaultConfigurationIsVisible = 0;
			defaultConfigurationName = Release;
		};
		797485DC2B93E4810060943E /* Build configuration list for PBXNativeTarget "GHFollowers_UIKit" */ = {
			isa = XCConfigurationList;
			buildConfigurations = (
				797485DD2B93E4810060943E /* Debug */,
				797485DE2B93E4810060943E /* Release */,
			);
			defaultConfigurationIsVisible = 0;
			defaultConfigurationName = Release;
		};
		797485DF2B93E4810060943E /* Build configuration list for PBXNativeTarget "GHFollowers_UIKitTests" */ = {
			isa = XCConfigurationList;
			buildConfigurations = (
				797485E02B93E4810060943E /* Debug */,
				797485E12B93E4810060943E /* Release */,
			);
			defaultConfigurationIsVisible = 0;
			defaultConfigurationName = Release;
		};
		797485E22B93E4810060943E /* Build configuration list for PBXNativeTarget "GHFollowers_UIKitUITests" */ = {
			isa = XCConfigurationList;
			buildConfigurations = (
				797485E32B93E4810060943E /* Debug */,
				797485E42B93E4810060943E /* Release */,
			);
			defaultConfigurationIsVisible = 0;
			defaultConfigurationName = Release;
		};
/* End XCConfigurationList section */
	};
	rootObject = 797485AA2B93E47F0060943E /* Project object */;
}
